
Microsoft Visual Studio Solution File, Format Version 12.00
# Visual Studio Version 17
VisualStudioVersion = 17.5.002.0
MinimumVisualStudioVersion = 10.0.40219.1
Project("{9A19103F-16F7-4668-BE54-9A1E7A4F7556}") = "calculadora", "calculadora\calculadora.csproj", "{FB62A77B-B824-4488-9E3C-4BD0A33012DE}"
EndProject
Project("{9A19103F-16F7-4668-BE54-9A1E7A4F7556}") = "Condicao", "Condicao\Condicao.csproj", "{5DAD175A-5FA1-4FAC-8B3A-6C034A949F2F}"
EndProject
Project("{9A19103F-16F7-4668-BE54-9A1E7A4F7556}") = "EXEMPLOEXPLORANDO", "EXEMPLOEXPLORANDO\EXEMPLOEXPLORANDO.csproj", "{EE1B579A-9F86-435A-AE1E-49D91D239A86}"
EndProject
Project("{9A19103F-16F7-4668-BE54-9A1E7A4F7556}") = "ExemploFundamentos.Common", "ExemploFundamentos.Common\ExemploFundamentos.Common.csproj", "{4AB6C3AE-AF35-4F24-803E-F47F61D935BC}"
EndProject
Project("{9A19103F-16F7-4668-BE54-9A1E7A4F7556}") = "Fundamentals", "Fundamentals\Fundamentals.csproj", "{8D7EB49C-BE80-42D8-A960-630ECB6A9D10}"
EndProject
Project("{9A19103F-16F7-4668-BE54-9A1E7A4F7556}") = "CSharp_Projetos", "HelloWord\CSharp_Projetos.csproj", "{0581A2B1-0A78-4317-8C36-E48B3918E172}"
EndProject
Project("{9A19103F-16F7-4668-BE54-9A1E7A4F7556}") = "Listas", "Listas\Listas.csproj", "{ECA81D7B-5843-4E99-9A49-CCBFE6469AF1}"
EndProject
Global
	GlobalSection(SolutionConfigurationPlatforms) = preSolution
		Debug|Any CPU = Debug|Any CPU
		Release|Any CPU = Release|Any CPU
	EndGlobalSection
	GlobalSection(ProjectConfigurationPlatforms) = postSolution
		{FB62A77B-B824-4488-9E3C-4BD0A33012DE}.Debug|Any CPU.ActiveCfg = Debug|Any CPU
		{FB62A77B-B824-4488-9E3C-4BD0A33012DE}.Debug|Any CPU.Build.0 = Debug|Any CPU
		{FB62A77B-B824-4488-9E3C-4BD0A33012DE}.Release|Any CPU.ActiveCfg = Release|Any CPU
		{FB62A77B-B824-4488-9E3C-4BD0A33012DE}.Release|Any CPU.Build.0 = Release|Any CPU
		{5DAD175A-5FA1-4FAC-8B3A-6C034A949F2F}.Debug|Any CPU.ActiveCfg = Debug|Any CPU
		{5DAD175A-5FA1-4FAC-8B3A-6C034A949F2F}.Debug|Any CPU.Build.0 = Debug|Any CPU
		{5DAD175A-5FA1-4FAC-8B3A-6C034A949F2F}.Release|Any CPU.ActiveCfg = Release|Any CPU
		{5DAD175A-5FA1-4FAC-8B3A-6C034A949F2F}.Release|Any CPU.Build.0 = Release|Any CPU
		{EE1B579A-9F86-435A-AE1E-49D91D239A86}.Debug|Any CPU.ActiveCfg = Debug|Any CPU
		{EE1B579A-9F86-435A-AE1E-49D91D239A86}.Debug|Any CPU.Build.0 = Debug|Any CPU
		{EE1B579A-9F86-435A-AE1E-49D91D239A86}.Release|Any CPU.ActiveCfg = Release|Any CPU
		{EE1B579A-9F86-435A-AE1E-49D91D239A86}.Release|Any CPU.Build.0 = Release|Any CPU
		{4AB6C3AE-AF35-4F24-803E-F47F61D935BC}.Debug|Any CPU.ActiveCfg = Debug|Any CPU
		{4AB6C3AE-AF35-4F24-803E-F47F61D935BC}.Debug|Any CPU.Build.0 = Debug|Any CPU
		{4AB6C3AE-AF35-4F24-803E-F47F61D935BC}.Release|Any CPU.ActiveCfg = Release|Any CPU
		{4AB6C3AE-AF35-4F24-803E-F47F61D935BC}.Release|Any CPU.Build.0 = Release|Any CPU
		{8D7EB49C-BE80-42D8-A960-630ECB6A9D10}.Debug|Any CPU.ActiveCfg = Debug|Any CPU
		{8D7EB49C-BE80-42D8-A960-630ECB6A9D10}.Debug|Any CPU.Build.0 = Debug|Any CPU
		{8D7EB49C-BE80-42D8-A960-630ECB6A9D10}.Release|Any CPU.ActiveCfg = Release|Any CPU
		{8D7EB49C-BE80-42D8-A960-630ECB6A9D10}.Release|Any CPU.Build.0 = Release|Any CPU
		{0581A2B1-0A78-4317-8C36-E48B3918E172}.Debug|Any CPU.ActiveCfg = Debug|Any CPU
		{0581A2B1-0A78-4317-8C36-E48B3918E172}.Debug|Any CPU.Build.0 = Debug|Any CPU
		{0581A2B1-0A78-4317-8C36-E48B3918E172}.Release|Any CPU.ActiveCfg = Release|Any CPU
		{0581A2B1-0A78-4317-8C36-E48B3918E172}.Release|Any CPU.Build.0 = Release|Any CPU
		{ECA81D7B-5843-4E99-9A49-CCBFE6469AF1}.Debug|Any CPU.ActiveCfg = Debug|Any CPU
		{ECA81D7B-5843-4E99-9A49-CCBFE6469AF1}.Debug|Any CPU.Build.0 = Debug|Any CPU
		{ECA81D7B-5843-4E99-9A49-CCBFE6469AF1}.Release|Any CPU.ActiveCfg = Release|Any CPU
		{ECA81D7B-5843-4E99-9A49-CCBFE6469AF1}.Release|Any CPU.Build.0 = Release|Any CPU
	EndGlobalSection
	GlobalSection(SolutionProperties) = preSolution
		HideSolutionNode = FALSE
	EndGlobalSection
	GlobalSection(ExtensibilityGlobals) = postSolution
		SolutionGuid = {1646358D-840B-4DCC-BA58-C856BC98F156}
	EndGlobalSection
EndGlobal
