
Microsoft Visual Studio Solution File, Format Version 12.00
# Visual Studio Version 17
VisualStudioVersion = 17.5.002.0
MinimumVisualStudioVersion = 10.0.40219.1
Project("{9A19103F-16F7-4668-BE54-9A1E7A4F7556}") = "calculadora", "calculadora\calculadora.csproj", "{4DD90479-9190-4843-A51A-245761B4765A}"
EndProject
Project("{9A19103F-16F7-4668-BE54-9A1E7A4F7556}") = "Condicao", "Condicao\Condicao.csproj", "{40F5E758-D8F2-4E42-8F4F-127163AF55AC}"
EndProject
Project("{9A19103F-16F7-4668-BE54-9A1E7A4F7556}") = "ExemploFundamentos.Common", "ExemploFundamentos.Common\ExemploFundamentos.Common.csproj", "{A2F73ABD-E19C-4616-B02C-42CBB146FABF}"
EndProject
Project("{9A19103F-16F7-4668-BE54-9A1E7A4F7556}") = "Fundamentals", "Fundamentals\Fundamentals.csproj", "{259B68DB-F455-4EA9-B759-C650A9B1CA58}"
EndProject
Project("{9A19103F-16F7-4668-BE54-9A1E7A4F7556}") = "CSharp_Projetos", "HelloWord\CSharp_Projetos.csproj", "{58A6A402-5F9E-4B65-A79F-3085517C4EFB}"
EndProject
Global
	GlobalSection(SolutionConfigurationPlatforms) = preSolution
		Debug|Any CPU = Debug|Any CPU
		Release|Any CPU = Release|Any CPU
	EndGlobalSection
	GlobalSection(ProjectConfigurationPlatforms) = postSolution
		{4DD90479-9190-4843-A51A-245761B4765A}.Debug|Any CPU.ActiveCfg = Debug|Any CPU
		{4DD90479-9190-4843-A51A-245761B4765A}.Debug|Any CPU.Build.0 = Debug|Any CPU
		{4DD90479-9190-4843-A51A-245761B4765A}.Release|Any CPU.ActiveCfg = Release|Any CPU
		{4DD90479-9190-4843-A51A-245761B4765A}.Release|Any CPU.Build.0 = Release|Any CPU
		{40F5E758-D8F2-4E42-8F4F-127163AF55AC}.Debug|Any CPU.ActiveCfg = Debug|Any CPU
		{40F5E758-D8F2-4E42-8F4F-127163AF55AC}.Debug|Any CPU.Build.0 = Debug|Any CPU
		{40F5E758-D8F2-4E42-8F4F-127163AF55AC}.Release|Any CPU.ActiveCfg = Release|Any CPU
		{40F5E758-D8F2-4E42-8F4F-127163AF55AC}.Release|Any CPU.Build.0 = Release|Any CPU
		{A2F73ABD-E19C-4616-B02C-42CBB146FABF}.Debug|Any CPU.ActiveCfg = Debug|Any CPU
		{A2F73ABD-E19C-4616-B02C-42CBB146FABF}.Debug|Any CPU.Build.0 = Debug|Any CPU
		{A2F73ABD-E19C-4616-B02C-42CBB146FABF}.Release|Any CPU.ActiveCfg = Release|Any CPU
		{A2F73ABD-E19C-4616-B02C-42CBB146FABF}.Release|Any CPU.Build.0 = Release|Any CPU
		{259B68DB-F455-4EA9-B759-C650A9B1CA58}.Debug|Any CPU.ActiveCfg = Debug|Any CPU
		{259B68DB-F455-4EA9-B759-C650A9B1CA58}.Debug|Any CPU.Build.0 = Debug|Any CPU
		{259B68DB-F455-4EA9-B759-C650A9B1CA58}.Release|Any CPU.ActiveCfg = Release|Any CPU
		{259B68DB-F455-4EA9-B759-C650A9B1CA58}.Release|Any CPU.Build.0 = Release|Any CPU
		{58A6A402-5F9E-4B65-A79F-3085517C4EFB}.Debug|Any CPU.ActiveCfg = Debug|Any CPU
		{58A6A402-5F9E-4B65-A79F-3085517C4EFB}.Debug|Any CPU.Build.0 = Debug|Any CPU
		{58A6A402-5F9E-4B65-A79F-3085517C4EFB}.Release|Any CPU.ActiveCfg = Release|Any CPU
		{58A6A402-5F9E-4B65-A79F-3085517C4EFB}.Release|Any CPU.Build.0 = Release|Any CPU
	EndGlobalSection
	GlobalSection(SolutionProperties) = preSolution
		HideSolutionNode = FALSE
	EndGlobalSection
	GlobalSection(ExtensibilityGlobals) = postSolution
		SolutionGuid = {1646358D-840B-4DCC-BA58-C856BC98F156}
	EndGlobalSection
EndGlobal
